{
  "name": "claude-fuzzy-search",
  "version": "0.1.0",
  "lockfileVersion": 3,
  "requires": true,
  "packages": {
    "": {
      "name": "claude-fuzzy-search",
      "version": "0.1.0",
      "license": "MIT",
      "bin": {
        "cfs": "bin/cfs.js"
      },
      "engines": {
        "node": ">=18"
      }
    }
  }
}
